# This file was autogenerated by Stack.
# You should not edit this file by hand.
# For more information, please see the documentation at:
#   https://docs.haskellstack.org/en/stable/lock_files

packages:
- completed:
    hackage: template-0.2.0.10@sha256:f822de4d34c45bc84b33a61bc112c15fedee6fa6dc414c62b10456395a868f85,987
    pantry-tree:
      size: 339
      sha256: e9829c39501915bc47fda35069207b7a839f9fb929b81946e151e0dda8a7fda1
  original:
    hackage: template-0.2.0.10@sha256:f822de4d34c45bc84b33a61bc112c15fedee6fa6dc414c62b10456395a868f85
- completed:
    hackage: inline-c-0.9.0.0@sha256:7b5aa24a265cb50fd71f1a2595506f5a7dec98edcf40b7fbe617193668a90f31,3249
    pantry-tree:
      size: 1263
      sha256: 4aaa49d4985bdd3ae86575a1bc418e29c6a9d11a230d05a0f4728053c18787ee
  original:
    hackage: inline-c-0.9.0.0
- completed:
    hackage: inline-c-cpp-0.4.0.0@sha256:4ff2d7643a36dbfc8d089db3b79981b7f44d7a23823c273f826b545a26c822ca,2124
    pantry-tree:
      size: 586
      sha256: 0c2de25f5d79e822dcade606d0dfbbe0db215c5f150dd4e1fafd8223366bd958
  original:
    hackage: inline-c-cpp-0.4.0.0
- completed:
    hackage: Chart-cairo-1.9.1@sha256:85605a4663f319e482bbd208c1e44c3cc8e0ec094fcd41b6afa3db4ce60635b0,925
    pantry-tree:
      size: 238
      sha256: 832739931c5d84c3c7b357782dd75cda9548a496f0be21cd1163e2b5e14fd89c
  original:
    hackage: Chart-cairo-1.9.1
- completed:
    hackage: cairo-0.13.8.0@sha256:9b64a376ebaa4f153bba5866a32291fd4bed48147009cce9158ce6533928eba8,4075
    pantry-tree:
      size: 2830
      sha256: 07aeb4b5eaa1d8201f67f4b8011aaf182ceb4e558066e59d482485fc02895994
  original:
    hackage: cairo-0.13.8.0
- completed:
    hackage: gtk2hs-buildtools-0.13.8.0@sha256:132f38155fc677430a47ea750918973161c876fb6f281d342ac2f07eb99229ce,5238
    pantry-tree:
      size: 3588
      sha256: 4552e3c0f2ef0f16285c38898d7e2b6aeea67d4e37cd203b0c82f70592096c45
  original:
    hackage: gtk2hs-buildtools-0.13.8.0
- completed:
    name: pipes-text
    version: 0.0.2.5
    git: https://github.com/hasktorch/pipes-text.git
    pantry-tree:
      size: 1050
      sha256: 2f38452f4a88f0c185d34748208960f473d21e6205cf5a3f3a5772eaa69a6986
    commit: 3dd3d9519306ea06f0c15ad71bdf57e1dfd0b747
  original:
    git: https://github.com/hasktorch/pipes-text.git
    commit: 3dd3d9519306ea06f0c15ad71bdf57e1dfd0b747
- completed:
    hackage: aeson-1.4.7.1@sha256:6d8d2fd959b7122a1df9389cf4eca30420a053d67289f92cdc0dbc0dab3530ba,7098
    pantry-tree:
      size: 40133
      sha256: caa9306e519c601ab0170d113daa03c1163db53e5466be2968bbd61a771bebcb
  original:
    hackage: aeson-1.4.7.1
- completed:
    hackage: aeson-lens-0.5.0.0@sha256:7b557d74d1f35ce47905d5ab65d9c87bb59843e24177341995d2bb1ceeb177fb,994
    pantry-tree:
      size: 261
      sha256: 603ccba7d86c40cf2e02139d3d843a07c6782edc94b0368947a13f2757fe39da
  original:
    hackage: aeson-lens-0.5.0.0
snapshots:
- completed:
    size: 524996
    url: https://raw.githubusercontent.com/commercialhaskell/stackage-snapshots/master/lts/14/27.yaml
    sha256: 7ea31a280c56bf36ff591a7397cc384d0dff622e7f9e4225b47d8980f019a0f0
  original: lts-14.27
